
Microsoft Visual Studio Solution File, Format Version 12.00
# Visual Studio Version 17
VisualStudioVersion = 17.1.32210.238
MinimumVisualStudioVersion = 10.0.40219.1
Project("{9A19103F-16F7-4668-BE54-9A1E7A4F7556}") = "Fitness club API", "Fitness club API\Fitness club API.csproj", "{317E59CA-3A12-4D88-B55E-067F2BBAEEF8}"
EndProject
Global
	GlobalSection(SolutionConfigurationPlatforms) = preSolution
		Debug|Any CPU = Debug|Any CPU
		Release|Any CPU = Release|Any CPU
	EndGlobalSection
	GlobalSection(ProjectConfigurationPlatforms) = postSolution
		{317E59CA-3A12-4D88-B55E-067F2BBAEEF8}.Debug|Any CPU.ActiveCfg = Debug|Any CPU
		{317E59CA-3A12-4D88-B55E-067F2BBAEEF8}.Debug|Any CPU.Build.0 = Debug|Any CPU
		{317E59CA-3A12-4D88-B55E-067F2BBAEEF8}.Release|Any CPU.ActiveCfg = Release|Any CPU
		{317E59CA-3A12-4D88-B55E-067F2BBAEEF8}.Release|Any CPU.Build.0 = Release|Any CPU
	EndGlobalSection
	GlobalSection(SolutionProperties) = preSolution
		HideSolutionNode = FALSE
	EndGlobalSection
	GlobalSection(ExtensibilityGlobals) = postSolution
		SolutionGuid = {66668909-8348-4E50-97DF-4F44D3CCB293}
	EndGlobalSection
EndGlobal
